// !$*UTF8*$!
{
	archiveVersion = 1;
	classes = {
	};
	objectVersion = 50;
	objects = {

/* Begin PBXBuildFile section */
		D7B591C024A0E4760003F48F /* CubeMenuViewController.swift in Sources */ = {isa = PBXBuildFile; fileRef = D7B591BF24A0E4760003F48F /* CubeMenuViewController.swift */; };
		D7B591C224A0E5BE0003F48F /* MainTableCell.swift in Sources */ = {isa = PBXBuildFile; fileRef = D7B591C124A0E5BE0003F48F /* MainTableCell.swift */; };
		D7B591C424A0E5CA0003F48F /* ImageTableCell.swift in Sources */ = {isa = PBXBuildFile; fileRef = D7B591C324A0E5CA0003F48F /* ImageTableCell.swift */; };
		D7B591C724A1E7130003F48F /* SFUIText-Regular.ttf in Resources */ = {isa = PBXBuildFile; fileRef = D7B591C624A0F5B50003F48F /* SFUIText-Regular.ttf */; };
		F0296957249F8B5F00CAF07D /* StickersViewController.swift in Sources */ = {isa = PBXBuildFile; fileRef = F0296956249F8B5F00CAF07D /* StickersViewController.swift */; };
		F0296959249F8B6800CAF07D /* MyStickerCell.swift in Sources */ = {isa = PBXBuildFile; fileRef = F0296958249F8B6800CAF07D /* MyStickerCell.swift */; };
		F029695B249F8B6D00CAF07D /* AppCollectionCell.swift in Sources */ = {isa = PBXBuildFile; fileRef = F029695A249F8B6D00CAF07D /* AppCollectionCell.swift */; };
		F029695D249F8B7200CAF07D /* SectionFooter.swift in Sources */ = {isa = PBXBuildFile; fileRef = F029695C249F8B7200CAF07D /* SectionFooter.swift */; };
		F029695F249F8B7900CAF07D /* StickerModel.swift in Sources */ = {isa = PBXBuildFile; fileRef = F029695E249F8B7900CAF07D /* StickerModel.swift */; };
		F0296961249F8B8100CAF07D /* UIFont + Extension.swift in Sources */ = {isa = PBXBuildFile; fileRef = F0296960249F8B8100CAF07D /* UIFont + Extension.swift */; };
		F0296981249F8BA000CAF07D /* Sticker-28.png in Resources */ = {isa = PBXBuildFile; fileRef = F0296963249F8B9D00CAF07D /* Sticker-28.png */; };
		F0296982249F8BA000CAF07D /* Sticker-26.png in Resources */ = {isa = PBXBuildFile; fileRef = F0296964249F8B9D00CAF07D /* Sticker-26.png */; };
		F0296983249F8BA000CAF07D /* Sticker-18.png in Resources */ = {isa = PBXBuildFile; fileRef = F0296965249F8B9D00CAF07D /* Sticker-18.png */; };
		F0296984249F8BA000CAF07D /* Sticker-23.png in Resources */ = {isa = PBXBuildFile; fileRef = F0296966249F8B9D00CAF07D /* Sticker-23.png */; };
		F0296985249F8BA000CAF07D /* Sticker-12.png in Resources */ = {isa = PBXBuildFile; fileRef = F0296967249F8B9D00CAF07D /* Sticker-12.png */; };
		F0296986249F8BA000CAF07D /* Sticker-21.png in Resources */ = {isa = PBXBuildFile; fileRef = F0296968249F8B9D00CAF07D /* Sticker-21.png */; };
		F0296987249F8BA000CAF07D /* Sticker-1.png in Resources */ = {isa = PBXBuildFile; fileRef = F0296969249F8B9E00CAF07D /* Sticker-1.png */; };
		F0296988249F8BA000CAF07D /* Sticker-10.png in Resources */ = {isa = PBXBuildFile; fileRef = F029696A249F8B9E00CAF07D /* Sticker-10.png */; };
		F0296989249F8BA000CAF07D /* Sticker-29.png in Resources */ = {isa = PBXBuildFile; fileRef = F029696B249F8B9E00CAF07D /* Sticker-29.png */; };
		F029698A249F8BA000CAF07D /* Sticker-13.png in Resources */ = {isa = PBXBuildFile; fileRef = F029696C249F8B9E00CAF07D /* Sticker-13.png */; };
		F029698B249F8BA000CAF07D /* Sticker-30.png in Resources */ = {isa = PBXBuildFile; fileRef = F029696D249F8B9E00CAF07D /* Sticker-30.png */; };
		F029698C249F8BA000CAF07D /* Sticker-11.png in Resources */ = {isa = PBXBuildFile; fileRef = F029696E249F8B9E00CAF07D /* Sticker-11.png */; };
		F029698D249F8BA000CAF07D /* Sticker-22.png in Resources */ = {isa = PBXBuildFile; fileRef = F029696F249F8B9E00CAF07D /* Sticker-22.png */; };
		F029698E249F8BA000CAF07D /* Sticker-8.png in Resources */ = {isa = PBXBuildFile; fileRef = F0296970249F8B9E00CAF07D /* Sticker-8.png */; };
		F029698F249F8BA000CAF07D /* Sticker-4.png in Resources */ = {isa = PBXBuildFile; fileRef = F0296971249F8B9E00CAF07D /* Sticker-4.png */; };
		F0296990249F8BA000CAF07D /* Sticker-19.png in Resources */ = {isa = PBXBuildFile; fileRef = F0296972249F8B9E00CAF07D /* Sticker-19.png */; };
		F0296991249F8BA000CAF07D /* Sticker-14.png in Resources */ = {isa = PBXBuildFile; fileRef = F0296973249F8B9F00CAF07D /* Sticker-14.png */; };
		F0296992249F8BA000CAF07D /* Sticker-24.png in Resources */ = {isa = PBXBuildFile; fileRef = F0296974249F8B9F00CAF07D /* Sticker-24.png */; };
		F0296993249F8BA000CAF07D /* Sticker-5.png in Resources */ = {isa = PBXBuildFile; fileRef = F0296975249F8B9F00CAF07D /* Sticker-5.png */; };
		F0296994249F8BA000CAF07D /* Sticker-27.png in Resources */ = {isa = PBXBuildFile; fileRef = F0296976249F8B9F00CAF07D /* Sticker-27.png */; };
		F0296995249F8BA000CAF07D /* Sticker-7.png in Resources */ = {isa = PBXBuildFile; fileRef = F0296977249F8B9F00CAF07D /* Sticker-7.png */; };
		F0296996249F8BA000CAF07D /* Sticker-17.png in Resources */ = {isa = PBXBuildFile; fileRef = F0296978249F8B9F00CAF07D /* Sticker-17.png */; };
		F0296997249F8BA000CAF07D /* Sticker-2.png in Resources */ = {isa = PBXBuildFile; fileRef = F0296979249F8B9F00CAF07D /* Sticker-2.png */; };
		F0296998249F8BA000CAF07D /* Sticker-15.png in Resources */ = {isa = PBXBuildFile; fileRef = F029697A249F8B9F00CAF07D /* Sticker-15.png */; };
		F0296999249F8BA000CAF07D /* Sticker-20.png in Resources */ = {isa = PBXBuildFile; fileRef = F029697B249F8BA000CAF07D /* Sticker-20.png */; };
		F029699A249F8BA000CAF07D /* Sticker-6.png in Resources */ = {isa = PBXBuildFile; fileRef = F029697C249F8BA000CAF07D /* Sticker-6.png */; };
		F029699B249F8BA000CAF07D /* Sticker-9.png in Resources */ = {isa = PBXBuildFile; fileRef = F029697D249F8BA000CAF07D /* Sticker-9.png */; };
		F029699C249F8BA000CAF07D /* Sticker-16.png in Resources */ = {isa = PBXBuildFile; fileRef = F029697E249F8BA000CAF07D /* Sticker-16.png */; };
		F029699D249F8BA000CAF07D /* Sticker-25.png in Resources */ = {isa = PBXBuildFile; fileRef = F029697F249F8BA000CAF07D /* Sticker-25.png */; };
		F029699E249F8BA000CAF07D /* Sticker-3.png in Resources */ = {isa = PBXBuildFile; fileRef = F0296980249F8BA000CAF07D /* Sticker-3.png */; };
		F02969A0249F8BA400CAF07D /* StickerData.plist in Resources */ = {isa = PBXBuildFile; fileRef = F029699F249F8BA400CAF07D /* StickerData.plist */; };
		F02969A2249F8BB400CAF07D /* SF-Pro-Text-Semibold.ttf in Resources */ = {isa = PBXBuildFile; fileRef = F02969A1249F8BB400CAF07D /* SF-Pro-Text-Semibold.ttf */; };
		F02969A4249F8BB900CAF07D /* SFProDisplay-Semibold.ttf in Resources */ = {isa = PBXBuildFile; fileRef = F02969A3249F8BB900CAF07D /* SFProDisplay-Semibold.ttf */; };
		F0871499249E1A22005A42A7 /* AppDelegate.swift in Sources */ = {isa = PBXBuildFile; fileRef = F0871498249E1A22005A42A7 /* AppDelegate.swift */; };
		F087149B249E1A22005A42A7 /* SceneDelegate.swift in Sources */ = {isa = PBXBuildFile; fileRef = F087149A249E1A22005A42A7 /* SceneDelegate.swift */; };
		F08714A2249E1A25005A42A7 /* Assets.xcassets in Resources */ = {isa = PBXBuildFile; fileRef = F08714A1249E1A25005A42A7 /* Assets.xcassets */; };
		F08714A5249E1A25005A42A7 /* LaunchScreen.storyboard in Resources */ = {isa = PBXBuildFile; fileRef = F08714A3249E1A25005A42A7 /* LaunchScreen.storyboard */; };
/* End PBXBuildFile section */

/* Begin PBXFileReference section */
		D7B591BF24A0E4760003F48F /* CubeMenuViewController.swift */ = {isa = PBXFileReference; lastKnownFileType = sourcecode.swift; path = CubeMenuViewController.swift; sourceTree = "<group>"; };
		D7B591C124A0E5BE0003F48F /* MainTableCell.swift */ = {isa = PBXFileReference; lastKnownFileType = sourcecode.swift; path = MainTableCell.swift; sourceTree = "<group>"; };
		D7B591C324A0E5CA0003F48F /* ImageTableCell.swift */ = {isa = PBXFileReference; lastKnownFileType = sourcecode.swift; path = ImageTableCell.swift; sourceTree = "<group>"; };
		D7B591C624A0F5B50003F48F /* SFUIText-Regular.ttf */ = {isa = PBXFileReference; lastKnownFileType = file; path = "SFUIText-Regular.ttf"; sourceTree = "<group>"; };
		F0296956249F8B5F00CAF07D /* StickersViewController.swift */ = {isa = PBXFileReference; fileEncoding = 4; lastKnownFileType = sourcecode.swift; path = StickersViewController.swift; sourceTree = "<group>"; };
		F0296958249F8B6800CAF07D /* MyStickerCell.swift */ = {isa = PBXFileReference; fileEncoding = 4; lastKnownFileType = sourcecode.swift; path = MyStickerCell.swift; sourceTree = "<group>"; };
		F029695A249F8B6D00CAF07D /* AppCollectionCell.swift */ = {isa = PBXFileReference; fileEncoding = 4; lastKnownFileType = sourcecode.swift; path = AppCollectionCell.swift; sourceTree = "<group>"; };
		F029695C249F8B7200CAF07D /* SectionFooter.swift */ = {isa = PBXFileReference; fileEncoding = 4; lastKnownFileType = sourcecode.swift; path = SectionFooter.swift; sourceTree = "<group>"; };
		F029695E249F8B7900CAF07D /* StickerModel.swift */ = {isa = PBXFileReference; fileEncoding = 4; lastKnownFileType = sourcecode.swift; path = StickerModel.swift; sourceTree = "<group>"; };
		F0296960249F8B8100CAF07D /* UIFont + Extension.swift */ = {isa = PBXFileReference; fileEncoding = 4; lastKnownFileType = sourcecode.swift; path = "UIFont + Extension.swift"; sourceTree = "<group>"; };
		F0296963249F8B9D00CAF07D /* Sticker-28.png */ = {isa = PBXFileReference; lastKnownFileType = image.png; path = "Sticker-28.png"; sourceTree = "<group>"; };
		F0296964249F8B9D00CAF07D /* Sticker-26.png */ = {isa = PBXFileReference; lastKnownFileType = image.png; path = "Sticker-26.png"; sourceTree = "<group>"; };
		F0296965249F8B9D00CAF07D /* Sticker-18.png */ = {isa = PBXFileReference; lastKnownFileType = image.png; path = "Sticker-18.png"; sourceTree = "<group>"; };
		F0296966249F8B9D00CAF07D /* Sticker-23.png */ = {isa = PBXFileReference; lastKnownFileType = image.png; path = "Sticker-23.png"; sourceTree = "<group>"; };
		F0296967249F8B9D00CAF07D /* Sticker-12.png */ = {isa = PBXFileReference; lastKnownFileType = image.png; path = "Sticker-12.png"; sourceTree = "<group>"; };
		F0296968249F8B9D00CAF07D /* Sticker-21.png */ = {isa = PBXFileReference; lastKnownFileType = image.png; path = "Sticker-21.png"; sourceTree = "<group>"; };
		F0296969249F8B9E00CAF07D /* Sticker-1.png */ = {isa = PBXFileReference; lastKnownFileType = image.png; path = "Sticker-1.png"; sourceTree = "<group>"; };
		F029696A249F8B9E00CAF07D /* Sticker-10.png */ = {isa = PBXFileReference; lastKnownFileType = image.png; path = "Sticker-10.png"; sourceTree = "<group>"; };
		F029696B249F8B9E00CAF07D /* Sticker-29.png */ = {isa = PBXFileReference; lastKnownFileType = image.png; path = "Sticker-29.png"; sourceTree = "<group>"; };
		F029696C249F8B9E00CAF07D /* Sticker-13.png */ = {isa = PBXFileReference; lastKnownFileType = image.png; path = "Sticker-13.png"; sourceTree = "<group>"; };
		F029696D249F8B9E00CAF07D /* Sticker-30.png */ = {isa = PBXFileReference; lastKnownFileType = image.png; path = "Sticker-30.png"; sourceTree = "<group>"; };
		F029696E249F8B9E00CAF07D /* Sticker-11.png */ = {isa = PBXFileReference; lastKnownFileType = image.png; path = "Sticker-11.png"; sourceTree = "<group>"; };
		F029696F249F8B9E00CAF07D /* Sticker-22.png */ = {isa = PBXFileReference; lastKnownFileType = image.png; path = "Sticker-22.png"; sourceTree = "<group>"; };
		F0296970249F8B9E00CAF07D /* Sticker-8.png */ = {isa = PBXFileReference; lastKnownFileType = image.png; path = "Sticker-8.png"; sourceTree = "<group>"; };
		F0296971249F8B9E00CAF07D /* Sticker-4.png */ = {isa = PBXFileReference; lastKnownFileType = image.png; path = "Sticker-4.png"; sourceTree = "<group>"; };
		F0296972249F8B9E00CAF07D /* Sticker-19.png */ = {isa = PBXFileReference; lastKnownFileType = image.png; path = "Sticker-19.png"; sourceTree = "<group>"; };
		F0296973249F8B9F00CAF07D /* Sticker-14.png */ = {isa = PBXFileReference; lastKnownFileType = image.png; path = "Sticker-14.png"; sourceTree = "<group>"; };
		F0296974249F8B9F00CAF07D /* Sticker-24.png */ = {isa = PBXFileReference; lastKnownFileType = image.png; path = "Sticker-24.png"; sourceTree = "<group>"; };
		F0296975249F8B9F00CAF07D /* Sticker-5.png */ = {isa = PBXFileReference; lastKnownFileType = image.png; path = "Sticker-5.png"; sourceTree = "<group>"; };
		F0296976249F8B9F00CAF07D /* Sticker-27.png */ = {isa = PBXFileReference; lastKnownFileType = image.png; path = "Sticker-27.png"; sourceTree = "<group>"; };
		F0296977249F8B9F00CAF07D /* Sticker-7.png */ = {isa = PBXFileReference; lastKnownFileType = image.png; path = "Sticker-7.png"; sourceTree = "<group>"; };
		F0296978249F8B9F00CAF07D /* Sticker-17.png */ = {isa = PBXFileReference; lastKnownFileType = image.png; path = "Sticker-17.png"; sourceTree = "<group>"; };
		F0296979249F8B9F00CAF07D /* Sticker-2.png */ = {isa = PBXFileReference; lastKnownFileType = image.png; path = "Sticker-2.png"; sourceTree = "<group>"; };
		F029697A249F8B9F00CAF07D /* Sticker-15.png */ = {isa = PBXFileReference; lastKnownFileType = image.png; path = "Sticker-15.png"; sourceTree = "<group>"; };
		F029697B249F8BA000CAF07D /* Sticker-20.png */ = {isa = PBXFileReference; lastKnownFileType = image.png; path = "Sticker-20.png"; sourceTree = "<group>"; };
		F029697C249F8BA000CAF07D /* Sticker-6.png */ = {isa = PBXFileReference; lastKnownFileType = image.png; path = "Sticker-6.png"; sourceTree = "<group>"; };
		F029697D249F8BA000CAF07D /* Sticker-9.png */ = {isa = PBXFileReference; lastKnownFileType = image.png; path = "Sticker-9.png"; sourceTree = "<group>"; };
		F029697E249F8BA000CAF07D /* Sticker-16.png */ = {isa = PBXFileReference; lastKnownFileType = image.png; path = "Sticker-16.png"; sourceTree = "<group>"; };
		F029697F249F8BA000CAF07D /* Sticker-25.png */ = {isa = PBXFileReference; lastKnownFileType = image.png; path = "Sticker-25.png"; sourceTree = "<group>"; };
		F0296980249F8BA000CAF07D /* Sticker-3.png */ = {isa = PBXFileReference; lastKnownFileType = image.png; path = "Sticker-3.png"; sourceTree = "<group>"; };
		F029699F249F8BA400CAF07D /* StickerData.plist */ = {isa = PBXFileReference; fileEncoding = 4; lastKnownFileType = text.plist.xml; path = StickerData.plist; sourceTree = "<group>"; };
		F02969A1249F8BB400CAF07D /* SF-Pro-Text-Semibold.ttf */ = {isa = PBXFileReference; lastKnownFileType = file; path = "SF-Pro-Text-Semibold.ttf"; sourceTree = "<group>"; };
		F02969A3249F8BB900CAF07D /* SFProDisplay-Semibold.ttf */ = {isa = PBXFileReference; lastKnownFileType = file; path = "SFProDisplay-Semibold.ttf"; sourceTree = "<group>"; };
		F0871495249E1A22005A42A7 /* CompositionalTest.app */ = {isa = PBXFileReference; explicitFileType = wrapper.application; includeInIndex = 0; path = CompositionalTest.app; sourceTree = BUILT_PRODUCTS_DIR; };
		F0871498249E1A22005A42A7 /* AppDelegate.swift */ = {isa = PBXFileReference; lastKnownFileType = sourcecode.swift; path = AppDelegate.swift; sourceTree = "<group>"; };
		F087149A249E1A22005A42A7 /* SceneDelegate.swift */ = {isa = PBXFileReference; lastKnownFileType = sourcecode.swift; path = SceneDelegate.swift; sourceTree = "<group>"; };
		F08714A1249E1A25005A42A7 /* Assets.xcassets */ = {isa = PBXFileReference; lastKnownFileType = folder.assetcatalog; path = Assets.xcassets; sourceTree = "<group>"; };
		F08714A4249E1A25005A42A7 /* Base */ = {isa = PBXFileReference; lastKnownFileType = file.storyboard; name = Base; path = Base.lproj/LaunchScreen.storyboard; sourceTree = "<group>"; };
		F08714A6249E1A25005A42A7 /* Info.plist */ = {isa = PBXFileReference; lastKnownFileType = text.plist.xml; path = Info.plist; sourceTree = "<group>"; };
/* End PBXFileReference section */

/* Begin PBXFrameworksBuildPhase section */
		F0871492249E1A22005A42A7 /* Frameworks */ = {
			isa = PBXFrameworksBuildPhase;
			buildActionMask = 2147483647;
			files = (
			);
			runOnlyForDeploymentPostprocessing = 0;
		};
/* End PBXFrameworksBuildPhase section */

/* Begin PBXGroup section */
		D7B591C524A0E6250003F48F /* CubeCell */ = {
			isa = PBXGroup;
			children = (
				D7B591C124A0E5BE0003F48F /* MainTableCell.swift */,
				D7B591C324A0E5CA0003F48F /* ImageTableCell.swift */,
			);
			path = CubeCell;
			sourceTree = "<group>";
		};
		F0296962249F8B8E00CAF07D /* Resources */ = {
			isa = PBXGroup;
			children = (
				F0296969249F8B9E00CAF07D /* Sticker-1.png */,
				F0296979249F8B9F00CAF07D /* Sticker-2.png */,
				F0296980249F8BA000CAF07D /* Sticker-3.png */,
				F0296971249F8B9E00CAF07D /* Sticker-4.png */,
				F0296975249F8B9F00CAF07D /* Sticker-5.png */,
				F029697C249F8BA000CAF07D /* Sticker-6.png */,
				F0296977249F8B9F00CAF07D /* Sticker-7.png */,
				F0296970249F8B9E00CAF07D /* Sticker-8.png */,
				F029697D249F8BA000CAF07D /* Sticker-9.png */,
				F029696A249F8B9E00CAF07D /* Sticker-10.png */,
				F029696E249F8B9E00CAF07D /* Sticker-11.png */,
				F0296967249F8B9D00CAF07D /* Sticker-12.png */,
				F029696C249F8B9E00CAF07D /* Sticker-13.png */,
				F0296973249F8B9F00CAF07D /* Sticker-14.png */,
				F029697A249F8B9F00CAF07D /* Sticker-15.png */,
				F029697E249F8BA000CAF07D /* Sticker-16.png */,
				F0296978249F8B9F00CAF07D /* Sticker-17.png */,
				F0296965249F8B9D00CAF07D /* Sticker-18.png */,
				F0296972249F8B9E00CAF07D /* Sticker-19.png */,
				F029697B249F8BA000CAF07D /* Sticker-20.png */,
				F0296968249F8B9D00CAF07D /* Sticker-21.png */,
				F029696F249F8B9E00CAF07D /* Sticker-22.png */,
				F0296966249F8B9D00CAF07D /* Sticker-23.png */,
				F0296974249F8B9F00CAF07D /* Sticker-24.png */,
				F029697F249F8BA000CAF07D /* Sticker-25.png */,
				F0296964249F8B9D00CAF07D /* Sticker-26.png */,
				F0296976249F8B9F00CAF07D /* Sticker-27.png */,
				F0296963249F8B9D00CAF07D /* Sticker-28.png */,
				F029696B249F8B9E00CAF07D /* Sticker-29.png */,
				F029696D249F8B9E00CAF07D /* Sticker-30.png */,
				F029699F249F8BA400CAF07D /* StickerData.plist */,
			);
			path = Resources;
			sourceTree = "<group>";
		};
		F02969A5249F8BDD00CAF07D /* Cells */ = {
			isa = PBXGroup;
			children = (
				D7B591C524A0E6250003F48F /* CubeCell */,
				F0296958249F8B6800CAF07D /* MyStickerCell.swift */,
				F029695A249F8B6D00CAF07D /* AppCollectionCell.swift */,
			);
			path = Cells;
			sourceTree = "<group>";
		};
		F02969A6249F8BE100CAF07D /* Suplementary */ = {
			isa = PBXGroup;
			children = (
				F029695C249F8B7200CAF07D /* SectionFooter.swift */,
			);
			name = Suplementary;
			path = ..;
			sourceTree = "<group>";
		};
		F02969A7249F8BEE00CAF07D /* Views */ = {
			isa = PBXGroup;
			children = (
				F02969A5249F8BDD00CAF07D /* Cells */,
				F02969A6249F8BE100CAF07D /* Suplementary */,
			);
			path = Views;
			sourceTree = "<group>";
		};
		F02969A8249F8BF200CAF07D /* Models */ = {
			isa = PBXGroup;
			children = (
				F029695E249F8B7900CAF07D /* StickerModel.swift */,
			);
			path = Models;
			sourceTree = "<group>";
		};
		F02969A9249F8BFA00CAF07D /* Extensions */ = {
			isa = PBXGroup;
			children = (
				F0296960249F8B8100CAF07D /* UIFont + Extension.swift */,
			);
			path = Extensions;
			sourceTree = "<group>";
		};
		F087148C249E1A22005A42A7 = {
			isa = PBXGroup;
			children = (
				F0871497249E1A22005A42A7 /* CompositionalTest */,
				F0871496249E1A22005A42A7 /* Products */,
			);
			sourceTree = "<group>";
		};
		F0871496249E1A22005A42A7 /* Products */ = {
			isa = PBXGroup;
			children = (
				F0871495249E1A22005A42A7 /* CompositionalTest.app */,
			);
			name = Products;
			sourceTree = "<group>";
		};
		F0871497249E1A22005A42A7 /* CompositionalTest */ = {
			isa = PBXGroup;
			children = (
				F0871498249E1A22005A42A7 /* AppDelegate.swift */,
				F087149A249E1A22005A42A7 /* SceneDelegate.swift */,
				F0296956249F8B5F00CAF07D /* StickersViewController.swift */,
				D7B591BF24A0E4760003F48F /* CubeMenuViewController.swift */,
				F02969A7249F8BEE00CAF07D /* Views */,
				F02969A8249F8BF200CAF07D /* Models */,
				F02969A9249F8BFA00CAF07D /* Extensions */,
				F0296962249F8B8E00CAF07D /* Resources */,
				F08714A1249E1A25005A42A7 /* Assets.xcassets */,
				F02969A1249F8BB400CAF07D /* SF-Pro-Text-Semibold.ttf */,
				F02969A3249F8BB900CAF07D /* SFProDisplay-Semibold.ttf */,
				D7B591C624A0F5B50003F48F /* SFUIText-Regular.ttf */,
				F08714A3249E1A25005A42A7 /* LaunchScreen.storyboard */,
				F08714A6249E1A25005A42A7 /* Info.plist */,
			);
			path = CompositionalTest;
			sourceTree = "<group>";
		};
/* End PBXGroup section */

/* Begin PBXNativeTarget section */
		F0871494249E1A22005A42A7 /* CompositionalTest */ = {
			isa = PBXNativeTarget;
			buildConfigurationList = F08714A9249E1A25005A42A7 /* Build configuration list for PBXNativeTarget "CompositionalTest" */;
			buildPhases = (
				F0871491249E1A22005A42A7 /* Sources */,
				F0871492249E1A22005A42A7 /* Frameworks */,
				F0871493249E1A22005A42A7 /* Resources */,
			);
			buildRules = (
			);
			dependencies = (
			);
			name = CompositionalTest;
			productName = CompositionalTest;
			productReference = F0871495249E1A22005A42A7 /* CompositionalTest.app */;
			productType = "com.apple.product-type.application";
		};
/* End PBXNativeTarget section */

/* Begin PBXProject section */
		F087148D249E1A22005A42A7 /* Project object */ = {
			isa = PBXProject;
			attributes = {
				LastSwiftUpdateCheck = 1150;
				LastUpgradeCheck = 1150;
				ORGANIZATIONNAME = "Алексей Пархоменко";
				TargetAttributes = {
					F0871494249E1A22005A42A7 = {
						CreatedOnToolsVersion = 11.5;
					};
				};
			};
			buildConfigurationList = F0871490249E1A22005A42A7 /* Build configuration list for PBXProject "CompositionalTest" */;
			compatibilityVersion = "Xcode 9.3";
			developmentRegion = en;
			hasScannedForEncodings = 0;
			knownRegions = (
				en,
				Base,
			);
			mainGroup = F087148C249E1A22005A42A7;
			productRefGroup = F0871496249E1A22005A42A7 /* Products */;
			projectDirPath = "";
			projectRoot = "";
			targets = (
				F0871494249E1A22005A42A7 /* CompositionalTest */,
			);
		};
/* End PBXProject section */

/* Begin PBXResourcesBuildPhase section */
		F0871493249E1A22005A42A7 /* Resources */ = {
			isa = PBXResourcesBuildPhase;
			buildActionMask = 2147483647;
			files = (
				F029699C249F8BA000CAF07D /* Sticker-16.png in Resources */,
				F0296988249F8BA000CAF07D /* Sticker-10.png in Resources */,
				F0296983249F8BA000CAF07D /* Sticker-18.png in Resources */,
				F0296987249F8BA000CAF07D /* Sticker-1.png in Resources */,
				F0296990249F8BA000CAF07D /* Sticker-19.png in Resources */,
				F029699A249F8BA000CAF07D /* Sticker-6.png in Resources */,
				F0296994249F8BA000CAF07D /* Sticker-27.png in Resources */,
				F029698A249F8BA000CAF07D /* Sticker-13.png in Resources */,
				F0296995249F8BA000CAF07D /* Sticker-7.png in Resources */,
				F0296992249F8BA000CAF07D /* Sticker-24.png in Resources */,
				F029698F249F8BA000CAF07D /* Sticker-4.png in Resources */,
				F0296991249F8BA000CAF07D /* Sticker-14.png in Resources */,
				F08714A5249E1A25005A42A7 /* LaunchScreen.storyboard in Resources */,
				F029699B249F8BA000CAF07D /* Sticker-9.png in Resources */,
				F0296996249F8BA000CAF07D /* Sticker-17.png in Resources */,
				F029698D249F8BA000CAF07D /* Sticker-22.png in Resources */,
				F08714A2249E1A25005A42A7 /* Assets.xcassets in Resources */,
				F0296981249F8BA000CAF07D /* Sticker-28.png in Resources */,
				F0296997249F8BA000CAF07D /* Sticker-2.png in Resources */,
				F0296984249F8BA000CAF07D /* Sticker-23.png in Resources */,
				F0296989249F8BA000CAF07D /* Sticker-29.png in Resources */,
				F029699E249F8BA000CAF07D /* Sticker-3.png in Resources */,
				F029698E249F8BA000CAF07D /* Sticker-8.png in Resources */,
				F02969A4249F8BB900CAF07D /* SFProDisplay-Semibold.ttf in Resources */,
				F0296998249F8BA000CAF07D /* Sticker-15.png in Resources */,
				F02969A0249F8BA400CAF07D /* StickerData.plist in Resources */,
				F029698C249F8BA000CAF07D /* Sticker-11.png in Resources */,
				D7B591C724A1E7130003F48F /* SFUIText-Regular.ttf in Resources */,
				F0296985249F8BA000CAF07D /* Sticker-12.png in Resources */,
				F0296999249F8BA000CAF07D /* Sticker-20.png in Resources */,
				F029698B249F8BA000CAF07D /* Sticker-30.png in Resources */,
				F029699D249F8BA000CAF07D /* Sticker-25.png in Resources */,
				F0296986249F8BA000CAF07D /* Sticker-21.png in Resources */,
				F02969A2249F8BB400CAF07D /* SF-Pro-Text-Semibold.ttf in Resources */,
				F0296993249F8BA000CAF07D /* Sticker-5.png in Resources */,
				F0296982249F8BA000CAF07D /* Sticker-26.png in Resources */,
			);
			runOnlyForDeploymentPostprocessing = 0;
		};
/* End PBXResourcesBuildPhase section */

/* Begin PBXSourcesBuildPhase section */
		F0871491249E1A22005A42A7 /* Sources */ = {
			isa = PBXSourcesBuildPhase;
			buildActionMask = 2147483647;
			files = (
				F0296961249F8B8100CAF07D /* UIFont + Extension.swift in Sources */,
				D7B591C024A0E4760003F48F /* CubeMenuViewController.swift in Sources */,
				F029695B249F8B6D00CAF07D /* AppCollectionCell.swift in Sources */,
				F0296959249F8B6800CAF07D /* MyStickerCell.swift in Sources */,
				F029695F249F8B7900CAF07D /* StickerModel.swift in Sources */,
				D7B591C224A0E5BE0003F48F /* MainTableCell.swift in Sources */,
				D7B591C424A0E5CA0003F48F /* ImageTableCell.swift in Sources */,
				F0871499249E1A22005A42A7 /* AppDelegate.swift in Sources */,
				F0296957249F8B5F00CAF07D /* StickersViewController.swift in Sources */,
				F029695D249F8B7200CAF07D /* SectionFooter.swift in Sources */,
				F087149B249E1A22005A42A7 /* SceneDelegate.swift in Sources */,
			);
			runOnlyForDeploymentPostprocessing = 0;
		};
/* End PBXSourcesBuildPhase section */

/* Begin PBXVariantGroup section */
		F08714A3249E1A25005A42A7 /* LaunchScreen.storyboard */ = {
			isa = PBXVariantGroup;
			children = (
				F08714A4249E1A25005A42A7 /* Base */,
			);
			name = LaunchScreen.storyboard;
			sourceTree = "<group>";
		};
/* End PBXVariantGroup section */

/* Begin XCBuildConfiguration section */
		F08714A7249E1A25005A42A7 /* Debug */ = {
			isa = XCBuildConfiguration;
			buildSettings = {
				ALWAYS_SEARCH_USER_PATHS = NO;
				CLANG_ANALYZER_NONNULL = YES;
				CLANG_ANALYZER_NUMBER_OBJECT_CONVERSION = YES_AGGRESSIVE;
				CLANG_CXX_LANGUAGE_STANDARD = "gnu++14";
				CLANG_CXX_LIBRARY = "libc++";
				CLANG_ENABLE_MODULES = YES;
				CLANG_ENABLE_OBJC_ARC = YES;
				CLANG_ENABLE_OBJC_WEAK = YES;
				CLANG_WARN_BLOCK_CAPTURE_AUTORELEASING = YES;
				CLANG_WARN_BOOL_CONVERSION = YES;
				CLANG_WARN_COMMA = YES;
				CLANG_WARN_CONSTANT_CONVERSION = YES;
				CLANG_WARN_DEPRECATED_OBJC_IMPLEMENTATIONS = YES;
				CLANG_WARN_DIRECT_OBJC_ISA_USAGE = YES_ERROR;
				CLANG_WARN_DOCUMENTATION_COMMENTS = YES;
				CLANG_WARN_EMPTY_BODY = YES;
				CLANG_WARN_ENUM_CONVERSION = YES;
				CLANG_WARN_INFINITE_RECURSION = YES;
				CLANG_WARN_INT_CONVERSION = YES;
				CLANG_WARN_NON_LITERAL_NULL_CONVERSION = YES;
				CLANG_WARN_OBJC_IMPLICIT_RETAIN_SELF = YES;
				CLANG_WARN_OBJC_LITERAL_CONVERSION = YES;
				CLANG_WARN_OBJC_ROOT_CLASS = YES_ERROR;
				CLANG_WARN_RANGE_LOOP_ANALYSIS = YES;
				CLANG_WARN_STRICT_PROTOTYPES = YES;
				CLANG_WARN_SUSPICIOUS_MOVE = YES;
				CLANG_WARN_UNGUARDED_AVAILABILITY = YES_AGGRESSIVE;
				CLANG_WARN_UNREACHABLE_CODE = YES;
				CLANG_WARN__DUPLICATE_METHOD_MATCH = YES;
				COPY_PHASE_STRIP = NO;
				DEBUG_INFORMATION_FORMAT = dwarf;
				ENABLE_STRICT_OBJC_MSGSEND = YES;
				ENABLE_TESTABILITY = YES;
				GCC_C_LANGUAGE_STANDARD = gnu11;
				GCC_DYNAMIC_NO_PIC = NO;
				GCC_NO_COMMON_BLOCKS = YES;
				GCC_OPTIMIZATION_LEVEL = 0;
				GCC_PREPROCESSOR_DEFINITIONS = (
					"DEBUG=1",
					"$(inherited)",
				);
				GCC_WARN_64_TO_32_BIT_CONVERSION = YES;
				GCC_WARN_ABOUT_RETURN_TYPE = YES_ERROR;
				GCC_WARN_UNDECLARED_SELECTOR = YES;
				GCC_WARN_UNINITIALIZED_AUTOS = YES_AGGRESSIVE;
				GCC_WARN_UNUSED_FUNCTION = YES;
				GCC_WARN_UNUSED_VARIABLE = YES;
				IPHONEOS_DEPLOYMENT_TARGET = 13.5;
				MTL_ENABLE_DEBUG_INFO = INCLUDE_SOURCE;
				MTL_FAST_MATH = YES;
				ONLY_ACTIVE_ARCH = YES;
				SDKROOT = iphoneos;
				SWIFT_ACTIVE_COMPILATION_CONDITIONS = DEBUG;
				SWIFT_OPTIMIZATION_LEVEL = "-Onone";
			};
			name = Debug;
		};
		F08714A8249E1A25005A42A7 /* Release */ = {
			isa = XCBuildConfiguration;
			buildSettings = {
				ALWAYS_SEARCH_USER_PATHS = NO;
				CLANG_ANALYZER_NONNULL = YES;
				CLANG_ANALYZER_NUMBER_OBJECT_CONVERSION = YES_AGGRESSIVE;
				CLANG_CXX_LANGUAGE_STANDARD = "gnu++14";
				CLANG_CXX_LIBRARY = "libc++";
				CLANG_ENABLE_MODULES = YES;
				CLANG_ENABLE_OBJC_ARC = YES;
				CLANG_ENABLE_OBJC_WEAK = YES;
				CLANG_WARN_BLOCK_CAPTURE_AUTORELEASING = YES;
				CLANG_WARN_BOOL_CONVERSION = YES;
				CLANG_WARN_COMMA = YES;
				CLANG_WARN_CONSTANT_CONVERSION = YES;
				CLANG_WARN_DEPRECATED_OBJC_IMPLEMENTATIONS = YES;
				CLANG_WARN_DIRECT_OBJC_ISA_USAGE = YES_ERROR;
				CLANG_WARN_DOCUMENTATION_COMMENTS = YES;
				CLANG_WARN_EMPTY_BODY = YES;
				CLANG_WARN_ENUM_CONVERSION = YES;
				CLANG_WARN_INFINITE_RECURSION = YES;
				CLANG_WARN_INT_CONVERSION = YES;
				CLANG_WARN_NON_LITERAL_NULL_CONVERSION = YES;
				CLANG_WARN_OBJC_IMPLICIT_RETAIN_SELF = YES;
				CLANG_WARN_OBJC_LITERAL_CONVERSION = YES;
				CLANG_WARN_OBJC_ROOT_CLASS = YES_ERROR;
				CLANG_WARN_RANGE_LOOP_ANALYSIS = YES;
				CLANG_WARN_STRICT_PROTOTYPES = YES;
				CLANG_WARN_SUSPICIOUS_MOVE = YES;
				CLANG_WARN_UNGUARDED_AVAILABILITY = YES_AGGRESSIVE;
				CLANG_WARN_UNREACHABLE_CODE = YES;
				CLANG_WARN__DUPLICATE_METHOD_MATCH = YES;
				COPY_PHASE_STRIP = NO;
				DEBUG_INFORMATION_FORMAT = "dwarf-with-dsym";
				ENABLE_NS_ASSERTIONS = NO;
				ENABLE_STRICT_OBJC_MSGSEND = YES;
				GCC_C_LANGUAGE_STANDARD = gnu11;
				GCC_NO_COMMON_BLOCKS = YES;
				GCC_WARN_64_TO_32_BIT_CONVERSION = YES;
				GCC_WARN_ABOUT_RETURN_TYPE = YES_ERROR;
				GCC_WARN_UNDECLARED_SELECTOR = YES;
				GCC_WARN_UNINITIALIZED_AUTOS = YES_AGGRESSIVE;
				GCC_WARN_UNUSED_FUNCTION = YES;
				GCC_WARN_UNUSED_VARIABLE = YES;
				IPHONEOS_DEPLOYMENT_TARGET = 13.5;
				MTL_ENABLE_DEBUG_INFO = NO;
				MTL_FAST_MATH = YES;
				SDKROOT = iphoneos;
				SWIFT_COMPILATION_MODE = wholemodule;
				SWIFT_OPTIMIZATION_LEVEL = "-O";
				VALIDATE_PRODUCT = YES;
			};
			name = Release;
		};
		F08714AA249E1A25005A42A7 /* Debug */ = {
			isa = XCBuildConfiguration;
			buildSettings = {
				ASSETCATALOG_COMPILER_APPICON_NAME = AppIcon;
				CODE_SIGN_STYLE = Automatic;
				DEVELOPMENT_TEAM = TSZQ4D456H;
				INFOPLIST_FILE = CompositionalTest/Info.plist;
				LD_RUNPATH_SEARCH_PATHS = (
					"$(inherited)",
					"@executable_path/Frameworks",
				);
				PRODUCT_BUNDLE_IDENTIFIER = com.alexeyParkhomenko.CompositionalTest;
				PRODUCT_NAME = "$(TARGET_NAME)";
				SWIFT_VERSION = 5.0;
				TARGETED_DEVICE_FAMILY = "1,2";
			};
			name = Debug;
		};
		F08714AB249E1A25005A42A7 /* Release */ = {
			isa = XCBuildConfiguration;
			buildSettings = {
				ASSETCATALOG_COMPILER_APPICON_NAME = AppIcon;
				CODE_SIGN_STYLE = Automatic;
				DEVELOPMENT_TEAM = TSZQ4D456H;
				INFOPLIST_FILE = CompositionalTest/Info.plist;
				LD_RUNPATH_SEARCH_PATHS = (
					"$(inherited)",
					"@executable_path/Frameworks",
				);
				PRODUCT_BUNDLE_IDENTIFIER = com.alexeyParkhomenko.CompositionalTest;
				PRODUCT_NAME = "$(TARGET_NAME)";
				SWIFT_VERSION = 5.0;
				TARGETED_DEVICE_FAMILY = "1,2";
			};
			name = Release;
		};
/* End XCBuildConfiguration section */

/* Begin XCConfigurationList section */
		F0871490249E1A22005A42A7 /* Build configuration list for PBXProject "CompositionalTest" */ = {
			isa = XCConfigurationList;
			buildConfigurations = (
				F08714A7249E1A25005A42A7 /* Debug */,
				F08714A8249E1A25005A42A7 /* Release */,
			);
			defaultConfigurationIsVisible = 0;
			defaultConfigurationName = Release;
		};
		F08714A9249E1A25005A42A7 /* Build configuration list for PBXNativeTarget "CompositionalTest" */ = {
			isa = XCConfigurationList;
			buildConfigurations = (
				F08714AA249E1A25005A42A7 /* Debug */,
				F08714AB249E1A25005A42A7 /* Release */,
			);
			defaultConfigurationIsVisible = 0;
			defaultConfigurationName = Release;
		};
/* End XCConfigurationList section */
	};
	rootObject = F087148D249E1A22005A42A7 /* Project object */;
}
